
Microsoft Visual Studio Solution File, Format Version 12.00
# Visual Studio 15
VisualStudioVersion = 15.0.27130.2024
MinimumVisualStudioVersion = 10.0.40219.1
Project("{2150E333-8FDC-42A3-9474-1A3956D46DE8}") = "src", "src", "{DCB0B0D2-8B70-48B9-ACD3-8B4EC303FDCD}"
EndProject
Project("{2150E333-8FDC-42A3-9474-1A3956D46DE8}") = "test", "test", "{018D08EF-BC96-444D-9C2F-ECAB15EDCAED}"
EndProject
Project("{9A19103F-16F7-4668-BE54-9A1E7A4F7556}") = "Amadevus.RecordGenerator.Analyzers", "src\Amadevus.RecordGenerator.Analyzers\Amadevus.RecordGenerator.Analyzers.csproj", "{F5B2918D-295A-4BF8-86F1-8C8D1D06254B}"
EndProject
Project("{9A19103F-16F7-4668-BE54-9A1E7A4F7556}") = "Amadevus.RecordGenerator.Analyzers.Test", "test\Amadevus.RecordGenerator.Analyzers.Test\Amadevus.RecordGenerator.Analyzers.Test.csproj", "{7463225A-C01C-4EDB-A503-98577A16CC2E}"
EndProject
Project("{9A19103F-16F7-4668-BE54-9A1E7A4F7556}") = "Amadevus.RecordGenerator.Attributes", "src\Amadevus.RecordGenerator.Attributes\Amadevus.RecordGenerator.Attributes.csproj", "{7579CCA2-507B-43E5-B552-26ACBF084B03}"
EndProject
Project("{9A19103F-16F7-4668-BE54-9A1E7A4F7556}") = "Amadevus.RecordGenerator", "src\Amadevus.RecordGenerator\Amadevus.RecordGenerator.csproj", "{31290B69-5782-4A38-9671-D8A5164678E9}"
EndProject
Project("{9A19103F-16F7-4668-BE54-9A1E7A4F7556}") = "Amadevus.RecordGenerator.TestsBase", "test\Amadevus.RecordGenerator.TestsBase\Amadevus.RecordGenerator.TestsBase.csproj", "{B1C6F024-EE9F-4EC0-8034-5E72805296F5}"
EndProject
Project("{9A19103F-16F7-4668-BE54-9A1E7A4F7556}") = "Amadevus.RecordGenerator.Test", "test\Amadevus.RecordGenerator.Test\Amadevus.RecordGenerator.Test.csproj", "{B25288C2-F30F-4231-B5F8-8BEE8DE592C1}"
EndProject
Project("{9A19103F-16F7-4668-BE54-9A1E7A4F7556}") = "Amadevus.RecordGenerator.Generators", "src\Amadevus.RecordGenerator.Generators\Amadevus.RecordGenerator.Generators.csproj", "{81377F14-456A-400F-B61F-D7181DEF01E9}"
EndProject
Project("{2150E333-8FDC-42A3-9474-1A3956D46DE8}") = "Solution Items", "Solution Items", "{67E76D5B-36E4-4C61-AD66-8BBCD4B7532C}"
	ProjectSection(SolutionItems) = preProject
		.gitattributes = .gitattributes
		.gitignore = .gitignore
		appveyor.yml = appveyor.yml
		Directory.Build.props = Directory.Build.props
		global.json = global.json
		LICENSE = LICENSE
		NuGet.Config = NuGet.Config
		README.md = README.md
	EndProjectSection
EndProject
Project("{9A19103F-16F7-4668-BE54-9A1E7A4F7556}") = "Amadevus.RecordGenerator.Generators.UnitTests", "test\Amadevus.RecordGenerator.Generators.UnitTests\Amadevus.RecordGenerator.Generators.UnitTests.csproj", "{C9EB98E3-4AC4-457F-935C-EA872B86B087}"
EndProject
Global
	GlobalSection(SolutionConfigurationPlatforms) = preSolution
		Debug|Any CPU = Debug|Any CPU
		Release|Any CPU = Release|Any CPU
	EndGlobalSection
	GlobalSection(ProjectConfigurationPlatforms) = postSolution
		{F5B2918D-295A-4BF8-86F1-8C8D1D06254B}.Debug|Any CPU.ActiveCfg = Debug|Any CPU
		{F5B2918D-295A-4BF8-86F1-8C8D1D06254B}.Debug|Any CPU.Build.0 = Debug|Any CPU
		{F5B2918D-295A-4BF8-86F1-8C8D1D06254B}.Release|Any CPU.ActiveCfg = Release|Any CPU
		{F5B2918D-295A-4BF8-86F1-8C8D1D06254B}.Release|Any CPU.Build.0 = Release|Any CPU
		{7463225A-C01C-4EDB-A503-98577A16CC2E}.Debug|Any CPU.ActiveCfg = Debug|Any CPU
		{7463225A-C01C-4EDB-A503-98577A16CC2E}.Debug|Any CPU.Build.0 = Debug|Any CPU
		{7463225A-C01C-4EDB-A503-98577A16CC2E}.Release|Any CPU.ActiveCfg = Release|Any CPU
		{7463225A-C01C-4EDB-A503-98577A16CC2E}.Release|Any CPU.Build.0 = Release|Any CPU
		{7579CCA2-507B-43E5-B552-26ACBF084B03}.Debug|Any CPU.ActiveCfg = Debug|Any CPU
		{7579CCA2-507B-43E5-B552-26ACBF084B03}.Debug|Any CPU.Build.0 = Debug|Any CPU
		{7579CCA2-507B-43E5-B552-26ACBF084B03}.Release|Any CPU.ActiveCfg = Release|Any CPU
		{7579CCA2-507B-43E5-B552-26ACBF084B03}.Release|Any CPU.Build.0 = Release|Any CPU
		{31290B69-5782-4A38-9671-D8A5164678E9}.Debug|Any CPU.ActiveCfg = Debug|Any CPU
		{31290B69-5782-4A38-9671-D8A5164678E9}.Debug|Any CPU.Build.0 = Debug|Any CPU
		{31290B69-5782-4A38-9671-D8A5164678E9}.Release|Any CPU.ActiveCfg = Release|Any CPU
		{31290B69-5782-4A38-9671-D8A5164678E9}.Release|Any CPU.Build.0 = Release|Any CPU
		{B1C6F024-EE9F-4EC0-8034-5E72805296F5}.Debug|Any CPU.ActiveCfg = Debug|Any CPU
		{B1C6F024-EE9F-4EC0-8034-5E72805296F5}.Debug|Any CPU.Build.0 = Debug|Any CPU
		{B1C6F024-EE9F-4EC0-8034-5E72805296F5}.Release|Any CPU.ActiveCfg = Release|Any CPU
		{B1C6F024-EE9F-4EC0-8034-5E72805296F5}.Release|Any CPU.Build.0 = Release|Any CPU
		{B25288C2-F30F-4231-B5F8-8BEE8DE592C1}.Debug|Any CPU.ActiveCfg = Debug|Any CPU
		{B25288C2-F30F-4231-B5F8-8BEE8DE592C1}.Debug|Any CPU.Build.0 = Debug|Any CPU
		{B25288C2-F30F-4231-B5F8-8BEE8DE592C1}.Release|Any CPU.ActiveCfg = Release|Any CPU
		{B25288C2-F30F-4231-B5F8-8BEE8DE592C1}.Release|Any CPU.Build.0 = Release|Any CPU
		{81377F14-456A-400F-B61F-D7181DEF01E9}.Debug|Any CPU.ActiveCfg = Debug|Any CPU
		{81377F14-456A-400F-B61F-D7181DEF01E9}.Debug|Any CPU.Build.0 = Debug|Any CPU
		{81377F14-456A-400F-B61F-D7181DEF01E9}.Release|Any CPU.ActiveCfg = Release|Any CPU
		{81377F14-456A-400F-B61F-D7181DEF01E9}.Release|Any CPU.Build.0 = Release|Any CPU
		{C9EB98E3-4AC4-457F-935C-EA872B86B087}.Debug|Any CPU.ActiveCfg = Debug|Any CPU
		{C9EB98E3-4AC4-457F-935C-EA872B86B087}.Debug|Any CPU.Build.0 = Debug|Any CPU
		{C9EB98E3-4AC4-457F-935C-EA872B86B087}.Release|Any CPU.ActiveCfg = Release|Any CPU
		{C9EB98E3-4AC4-457F-935C-EA872B86B087}.Release|Any CPU.Build.0 = Release|Any CPU
	EndGlobalSection
	GlobalSection(SolutionProperties) = preSolution
		HideSolutionNode = FALSE
	EndGlobalSection
	GlobalSection(NestedProjects) = preSolution
		{F5B2918D-295A-4BF8-86F1-8C8D1D06254B} = {DCB0B0D2-8B70-48B9-ACD3-8B4EC303FDCD}
		{7463225A-C01C-4EDB-A503-98577A16CC2E} = {018D08EF-BC96-444D-9C2F-ECAB15EDCAED}
		{7579CCA2-507B-43E5-B552-26ACBF084B03} = {DCB0B0D2-8B70-48B9-ACD3-8B4EC303FDCD}
		{31290B69-5782-4A38-9671-D8A5164678E9} = {DCB0B0D2-8B70-48B9-ACD3-8B4EC303FDCD}
		{B1C6F024-EE9F-4EC0-8034-5E72805296F5} = {018D08EF-BC96-444D-9C2F-ECAB15EDCAED}
		{B25288C2-F30F-4231-B5F8-8BEE8DE592C1} = {018D08EF-BC96-444D-9C2F-ECAB15EDCAED}
		{81377F14-456A-400F-B61F-D7181DEF01E9} = {DCB0B0D2-8B70-48B9-ACD3-8B4EC303FDCD}
		{C9EB98E3-4AC4-457F-935C-EA872B86B087} = {018D08EF-BC96-444D-9C2F-ECAB15EDCAED}
	EndGlobalSection
	GlobalSection(ExtensibilityGlobals) = postSolution
		SolutionGuid = {936FE680-563E-42E2-9BE5-F8F6251AABF7}
	EndGlobalSection
EndGlobal
